{
  "nodes": {
    "claude-desktop": {
      "inputs": {
        "flake-utils": "flake-utils",
        "nixpkgs": [
          "nixpkgs"
        ]
      },
      "locked": {
        "lastModified": 1764098187,
        "narHash": "sha256-H6JjWXhKqxZ8QLMoqndZx9e5x0Sv5AiipSmqvIxIbgo=",
        "owner": "k3d3",
        "repo": "claude-desktop-linux-flake",
        "rev": "b2b040cb68231d2118906507d9cc8fd181ca6308",
        "type": "github"
      },
      "original": {
        "owner": "k3d3",
        "repo": "claude-desktop-linux-flake",
        "type": "github"
      }
    },
    "disko": {
      "inputs": {
        "nixpkgs": [
          "nixpkgs"
        ]
      },
      "locked": {
        "lastModified": 1736864502,
        "narHash": "sha256-ItkIZyebGvNH2dK9jVGzJHGPtb6BSWLN8Gmef16NeY0=",
        "owner": "nix-community",
        "repo": "disko",
        "rev": "0141aabed359f063de7413f80d906e1d98c0c123",
        "type": "github"
      },
      "original": {
        "owner": "nix-community",
        "ref": "v1.11.0",
        "repo": "disko",
        "type": "github"
      }
    },
    "flake-utils": {
      "inputs": {
        "systems": "systems"
      },
      "locked": {
        "lastModified": 1731533236,
        "narHash": "sha256-l0KFg5HjrsfsO/JpG+r7fRrqm12kzFHyUHqHCVpMMbI=",
        "owner": "numtide",
        "repo": "flake-utils",
        "rev": "11707dc2f618dd54ca8739b309ec4fc024de578b",
        "type": "github"
      },
      "original": {
        "owner": "numtide",
        "repo": "flake-utils",
        "type": "github"
      }
    },
    "home-manager": {
      "inputs": {
        "nixpkgs": [
          "nixpkgs"
        ]
      },
      "locked": {
        "lastModified": 1774274588,
        "narHash": "sha256-dnHvv5EMUgTzGZmA+3diYjQU2O6BEpGLEOgJ1Qe9LaY=",
        "owner": "nix-community",
        "repo": "home-manager",
        "rev": "cf9686ba26f5ef788226843bc31fda4cf72e373b",
        "type": "github"
      },
      "original": {
        "owner": "nix-community",
        "ref": "release-25.11",
        "repo": "home-manager",
        "type": "github"
      }
    },
    "nixpkgs": {
      "locked": {
        "lastModified": 1774244481,
        "narHash": "sha256-4XfMXU0DjN83o6HWZoKG9PegCvKvIhNUnRUI19vzTcQ=",
        "owner": "NixOS",
        "repo": "nixpkgs",
        "rev": "4590696c8693fea477850fe379a01544293ca4e2",
        "type": "github"
      },
      "original": {
        "owner": "NixOS",
        "ref": "nixos-25.11",
        "repo": "nixpkgs",
        "type": "github"
      }
    },
    "nixpkgs-pinned": {
      "locked": {
        "lastModified": 1771689978,
        "narHash": "sha256-uoMODL3q7NCckLHZBBklNDCwbKLOGzFvHIvvMSppLUs=",
        "owner": "NixOS",
        "repo": "nixpkgs",
        "rev": "372b99478f80ac816155d0c3f42dfdd6f8a90d3f",
        "type": "github"
      },
      "original": {
        "owner": "NixOS",
        "ref": "372b99478f80",
        "repo": "nixpkgs",
        "type": "github"
      }
    },
    "nixpkgs-unstable": {
      "locked": {
        "lastModified": 1774273680,
        "narHash": "sha256-a++tZ1RQsDb1I0NHrFwdGuRlR5TORvCEUksM459wKUA=",
        "owner": "nixos",
        "repo": "nixpkgs",
        "rev": "fdc7b8f7b30fdbedec91b71ed82f36e1637483ed",
        "type": "github"
      },
      "original": {
        "owner": "nixos",
        "ref": "nixpkgs-unstable",
        "repo": "nixpkgs",
        "type": "github"
      }
    },
    "root": {
      "inputs": {
        "claude-desktop": "claude-desktop",
        "disko": "disko",
        "home-manager": "home-manager",
        "nixpkgs": "nixpkgs",
        "nixpkgs-pinned": "nixpkgs-pinned",
        "nixpkgs-unstable": "nixpkgs-unstable"
      }
    },
    "systems": {
      "locked": {
        "lastModified": 1681028828,
        "narHash": "sha256-Vy1rq5AaRuLzOxct8nz4T6wlgyUR7zLU309k9mBC768=",
        "owner": "nix-systems",
        "repo": "default",
        "rev": "da67096a3b9bf56a91d16901293e51ba5b49a27e",
        "type": "github"
      },
      "original": {
        "owner": "nix-systems",
        "repo": "default",
        "type": "github"
      }
    }
  },
  "root": "root",
  "version": 7
}
